
Microsoft Visual Studio Solution File, Format Version 12.00
# Visual Studio Version 16
VisualStudioVersion = 16.0.30406.217
MinimumVisualStudioVersion = 10.0.40219.1
Project("{FAE04EC0-301F-11D3-BF4B-00C04F79EFBC}") = "PhotoApi", "PhotoApi\PhotoApi.csproj", "{CCBFDF3D-884F-4315-8A66-094D13315320}"
EndProject
Global
	GlobalSection(SolutionConfigurationPlatforms) = preSolution
		Debug|Any CPU = Debug|Any CPU
		Release|Any CPU = Release|Any CPU
	EndGlobalSection
	GlobalSection(ProjectConfigurationPlatforms) = postSolution
		{CCBFDF3D-884F-4315-8A66-094D13315320}.Debug|Any CPU.ActiveCfg = Debug|Any CPU
		{CCBFDF3D-884F-4315-8A66-094D13315320}.Debug|Any CPU.Build.0 = Debug|Any CPU
		{CCBFDF3D-884F-4315-8A66-094D13315320}.Release|Any CPU.ActiveCfg = Release|Any CPU
		{CCBFDF3D-884F-4315-8A66-094D13315320}.Release|Any CPU.Build.0 = Release|Any CPU
	EndGlobalSection
	GlobalSection(SolutionProperties) = preSolution
		HideSolutionNode = FALSE
	EndGlobalSection
	GlobalSection(ExtensibilityGlobals) = postSolution
		SolutionGuid = {F87908EE-4F9C-4D4D-822E-3EFF99E9F345}
	EndGlobalSection
EndGlobal
